
Microsoft Visual Studio Solution File, Format Version 12.00
# Visual Studio Version 17
VisualStudioVersion = 17.12.35527.113 d17.12
MinimumVisualStudioVersion = 10.0.40219.1
Project("{FAE04EC0-301F-11D3-BF4B-00C04F79EFBC}") = "WindowsFormsApp6", "WindowsFormsApp6.csproj", "{D5AC8E88-8A93-403D-A614-F87D8614D563}"
EndProject
Global
	GlobalSection(SolutionConfigurationPlatforms) = preSolution
		Debug|Any CPU = Debug|Any CPU
		Release|Any CPU = Release|Any CPU
	EndGlobalSection
	GlobalSection(ProjectConfigurationPlatforms) = postSolution
		{D5AC8E88-8A93-403D-A614-F87D8614D563}.Debug|Any CPU.ActiveCfg = Debug|Any CPU
		{D5AC8E88-8A93-403D-A614-F87D8614D563}.Debug|Any CPU.Build.0 = Debug|Any CPU
		{D5AC8E88-8A93-403D-A614-F87D8614D563}.Release|Any CPU.ActiveCfg = Release|Any CPU
		{D5AC8E88-8A93-403D-A614-F87D8614D563}.Release|Any CPU.Build.0 = Release|Any CPU
	EndGlobalSection
	GlobalSection(SolutionProperties) = preSolution
		HideSolutionNode = FALSE
	EndGlobalSection
EndGlobal
